
Microsoft Visual Studio Solution File, Format Version 12.00
# Visual Studio Version 16
VisualStudioVersion = 16.0.31515.178
MinimumVisualStudioVersion = 10.0.40219.1
Project("{9A19103F-16F7-4668-BE54-9A1E7A4F7556}") = "LINQ AND LAMBDA", "LINQ AND LAMBDA\LINQ AND LAMBDA.csproj", "{7C845D0F-20AB-4635-BCA2-5490E3E24BB2}"
EndProject
Project("{FAE04EC0-301F-11D3-BF4B-00C04F79EFBC}") = "CountingNoOfCharInStringUsingLinq", "CountingNoOfCharInStringUsingLinq\CountingNoOfCharInStringUsingLinq.csproj", "{002C5EC9-CA0F-48DC-A3A0-7168908BB305}"
EndProject
Global
	GlobalSection(SolutionConfigurationPlatforms) = preSolution
		Debug|Any CPU = Debug|Any CPU
		Release|Any CPU = Release|Any CPU
	EndGlobalSection
	GlobalSection(ProjectConfigurationPlatforms) = postSolution
		{7C845D0F-20AB-4635-BCA2-5490E3E24BB2}.Debug|Any CPU.ActiveCfg = Debug|Any CPU
		{7C845D0F-20AB-4635-BCA2-5490E3E24BB2}.Debug|Any CPU.Build.0 = Debug|Any CPU
		{7C845D0F-20AB-4635-BCA2-5490E3E24BB2}.Release|Any CPU.ActiveCfg = Release|Any CPU
		{7C845D0F-20AB-4635-BCA2-5490E3E24BB2}.Release|Any CPU.Build.0 = Release|Any CPU
		{002C5EC9-CA0F-48DC-A3A0-7168908BB305}.Debug|Any CPU.ActiveCfg = Debug|Any CPU
		{002C5EC9-CA0F-48DC-A3A0-7168908BB305}.Debug|Any CPU.Build.0 = Debug|Any CPU
		{002C5EC9-CA0F-48DC-A3A0-7168908BB305}.Release|Any CPU.ActiveCfg = Release|Any CPU
		{002C5EC9-CA0F-48DC-A3A0-7168908BB305}.Release|Any CPU.Build.0 = Release|Any CPU
	EndGlobalSection
	GlobalSection(SolutionProperties) = preSolution
		HideSolutionNode = FALSE
	EndGlobalSection
	GlobalSection(ExtensibilityGlobals) = postSolution
		SolutionGuid = {EBF336F2-03C4-4195-B25E-2420455336D3}
	EndGlobalSection
EndGlobal
